
Microsoft Visual Studio Solution File, Format Version 12.00
# Visual Studio Version 17
VisualStudioVersion = 17.7.34221.43
MinimumVisualStudioVersion = 10.0.40219.1
Project("{FAE04EC0-301F-11D3-BF4B-00C04F79EFBC}") = "CloudServer", "Cloud\CloudServer.csproj", "{234DF898-6C55-4A59-88CE-3B111EA82D4B}"
EndProject
Project("{FAE04EC0-301F-11D3-BF4B-00C04F79EFBC}") = "CloudClient", "CloudClient\CloudClient.csproj", "{E6FDA3C4-9DC3-4F40-AE21-63805C11CE66}"
EndProject
Project("{FAE04EC0-301F-11D3-BF4B-00C04F79EFBC}") = "ArchExplorer", "ArchExplorer\ArchExplorer.csproj", "{E27063C2-00A0-406E-B958-316842BA1FB0}"
EndProject
Global
	GlobalSection(SolutionConfigurationPlatforms) = preSolution
		Debug|Any CPU = Debug|Any CPU
		Release|Any CPU = Release|Any CPU
	EndGlobalSection
	GlobalSection(ProjectConfigurationPlatforms) = postSolution
		{234DF898-6C55-4A59-88CE-3B111EA82D4B}.Debug|Any CPU.ActiveCfg = Debug|Any CPU
		{234DF898-6C55-4A59-88CE-3B111EA82D4B}.Debug|Any CPU.Build.0 = Debug|Any CPU
		{234DF898-6C55-4A59-88CE-3B111EA82D4B}.Release|Any CPU.ActiveCfg = Release|Any CPU
		{234DF898-6C55-4A59-88CE-3B111EA82D4B}.Release|Any CPU.Build.0 = Release|Any CPU
		{E6FDA3C4-9DC3-4F40-AE21-63805C11CE66}.Debug|Any CPU.ActiveCfg = Debug|Any CPU
		{E6FDA3C4-9DC3-4F40-AE21-63805C11CE66}.Debug|Any CPU.Build.0 = Debug|Any CPU
		{E6FDA3C4-9DC3-4F40-AE21-63805C11CE66}.Release|Any CPU.ActiveCfg = Release|Any CPU
		{E6FDA3C4-9DC3-4F40-AE21-63805C11CE66}.Release|Any CPU.Build.0 = Release|Any CPU
		{E27063C2-00A0-406E-B958-316842BA1FB0}.Debug|Any CPU.ActiveCfg = Debug|Any CPU
		{E27063C2-00A0-406E-B958-316842BA1FB0}.Debug|Any CPU.Build.0 = Debug|Any CPU
		{E27063C2-00A0-406E-B958-316842BA1FB0}.Release|Any CPU.ActiveCfg = Release|Any CPU
		{E27063C2-00A0-406E-B958-316842BA1FB0}.Release|Any CPU.Build.0 = Release|Any CPU
	EndGlobalSection
	GlobalSection(SolutionProperties) = preSolution
		HideSolutionNode = FALSE
	EndGlobalSection
	GlobalSection(ExtensibilityGlobals) = postSolution
		SolutionGuid = {44775DBC-D266-4BF8-8DD6-C4286A5FFDF0}
	EndGlobalSection
EndGlobal
